
Microsoft Visual Studio Solution File, Format Version 12.00
# Visual Studio Version 17
VisualStudioVersion = 17.7.34009.444
MinimumVisualStudioVersion = 10.0.40219.1
Project("{FAE04EC0-301F-11D3-BF4B-00C04F79EFBC}") = "PermissionHunter", "PermissionHunter\PermissionHunter.csproj", "{8451644F-7BD5-4137-9252-CD5538069563}"
EndProject
Global
	GlobalSection(SolutionConfigurationPlatforms) = preSolution
		Debug|Any CPU = Debug|Any CPU
		Release|Any CPU = Release|Any CPU
	EndGlobalSection
	GlobalSection(ProjectConfigurationPlatforms) = postSolution
		{8451644F-7BD5-4137-9252-CD5538069563}.Debug|Any CPU.ActiveCfg = Debug|Any CPU
		{8451644F-7BD5-4137-9252-CD5538069563}.Debug|Any CPU.Build.0 = Debug|Any CPU
		{8451644F-7BD5-4137-9252-CD5538069563}.Release|Any CPU.ActiveCfg = Release|Any CPU
		{8451644F-7BD5-4137-9252-CD5538069563}.Release|Any CPU.Build.0 = Release|Any CPU
	EndGlobalSection
	GlobalSection(SolutionProperties) = preSolution
		HideSolutionNode = FALSE
	EndGlobalSection
	GlobalSection(ExtensibilityGlobals) = postSolution
		SolutionGuid = {2A3FD99A-D27D-4D02-867A-6B2BCA818FA9}
	EndGlobalSection
EndGlobal
